
Microsoft Visual Studio Solution File, Format Version 12.00
# Visual Studio Express 2012 for Windows Desktop
Project("{FAE04EC0-301F-11D3-BF4B-00C04F79EFBC}") = "GirlFriendDeck", "GirlFriendDeck\GirlFriendDeck.csproj", "{B9712CCE-BF70-4163-B3AA-9449A7BB62BC}"
EndProject
Project("{FAE04EC0-301F-11D3-BF4B-00C04F79EFBC}") = "GirlFriendDeckV4", "GirlFriendDeck\GirlFriendDeckV4.csproj", "{C141FEF8-5E0C-4F14-9D6D-B6F475B5EB8B}"
EndProject
Project("{FAE04EC0-301F-11D3-BF4B-00C04F79EFBC}") = "GirlFriendYell", "GirlFriendYell\GirlFriendYell.csproj", "{275779F8-FFF0-41E8-84EC-7DC54EEDA630}"
EndProject
Project("{FAE04EC0-301F-11D3-BF4B-00C04F79EFBC}") = "GirlFriendYellXP", "GirlFriendYell\GirlFriendYellXP.csproj", "{71690040-F3F5-4AF8-ABFB-8F4136CB0274}"
EndProject
Global
	GlobalSection(SolutionConfigurationPlatforms) = preSolution
		Debug|Any CPU = Debug|Any CPU
		Release|Any CPU = Release|Any CPU
	EndGlobalSection
	GlobalSection(ProjectConfigurationPlatforms) = postSolution
		{B9712CCE-BF70-4163-B3AA-9449A7BB62BC}.Debug|Any CPU.ActiveCfg = Debug|Any CPU
		{B9712CCE-BF70-4163-B3AA-9449A7BB62BC}.Debug|Any CPU.Build.0 = Debug|Any CPU
		{B9712CCE-BF70-4163-B3AA-9449A7BB62BC}.Release|Any CPU.ActiveCfg = Release|Any CPU
		{B9712CCE-BF70-4163-B3AA-9449A7BB62BC}.Release|Any CPU.Build.0 = Release|Any CPU
		{C141FEF8-5E0C-4F14-9D6D-B6F475B5EB8B}.Debug|Any CPU.ActiveCfg = Debug|Any CPU
		{C141FEF8-5E0C-4F14-9D6D-B6F475B5EB8B}.Debug|Any CPU.Build.0 = Debug|Any CPU
		{C141FEF8-5E0C-4F14-9D6D-B6F475B5EB8B}.Release|Any CPU.ActiveCfg = Release|Any CPU
		{C141FEF8-5E0C-4F14-9D6D-B6F475B5EB8B}.Release|Any CPU.Build.0 = Release|Any CPU
		{275779F8-FFF0-41E8-84EC-7DC54EEDA630}.Debug|Any CPU.ActiveCfg = Debug|Any CPU
		{275779F8-FFF0-41E8-84EC-7DC54EEDA630}.Debug|Any CPU.Build.0 = Debug|Any CPU
		{275779F8-FFF0-41E8-84EC-7DC54EEDA630}.Release|Any CPU.ActiveCfg = Release|Any CPU
		{275779F8-FFF0-41E8-84EC-7DC54EEDA630}.Release|Any CPU.Build.0 = Release|Any CPU
		{71690040-F3F5-4AF8-ABFB-8F4136CB0274}.Debug|Any CPU.ActiveCfg = Debug|Any CPU
		{71690040-F3F5-4AF8-ABFB-8F4136CB0274}.Debug|Any CPU.Build.0 = Debug|Any CPU
		{71690040-F3F5-4AF8-ABFB-8F4136CB0274}.Release|Any CPU.ActiveCfg = Release|Any CPU
		{71690040-F3F5-4AF8-ABFB-8F4136CB0274}.Release|Any CPU.Build.0 = Release|Any CPU
	EndGlobalSection
	GlobalSection(SolutionProperties) = preSolution
		HideSolutionNode = FALSE
	EndGlobalSection
EndGlobal
